// !$*UTF8*$!
{
	archiveVersion = 1;
	classes = {
	};
	objectVersion = 56;
	objects = {

/* Begin PBXBuildFile section */
		18F334542CF1B72A0067A9BC /* EventTableView.swift in Sources */ = {isa = PBXBuildFile; fileRef = 18F334532CF1B70D0067A9BC /* EventTableView.swift */; };
		18F334562CF1B74C0067A9BC /* AllEventsScreenViewController.swift in Sources */ = {isa = PBXBuildFile; fileRef = 18F334552CF1B74A0067A9BC /* AllEventsScreenViewController.swift */; };
		18F3345A2CF1B7A60067A9BC /* EventsTableViewCell.swift in Sources */ = {isa = PBXBuildFile; fileRef = 18F334592CF1B7880067A9BC /* EventsTableViewCell.swift */; };
		18F3345C2CF1B7DE0067A9BC /* NoUpcomingEventsView.swift in Sources */ = {isa = PBXBuildFile; fileRef = 18F3345B2CF1B7CC0067A9BC /* NoUpcomingEventsView.swift */; };
		18F3345E2CF1B7FB0067A9BC /* SearchViewController.swift in Sources */ = {isa = PBXBuildFile; fileRef = 18F3345D2CF1B7F70067A9BC /* SearchViewController.swift */; };
		18F334602CF1B8600067A9BC /* UIStackView.swift in Sources */ = {isa = PBXBuildFile; fileRef = 18F3345F2CF1B83A0067A9BC /* UIStackView.swift */; };
		18F334622CF1B8A90067A9BC /* CustomSegmentedControl.swift in Sources */ = {isa = PBXBuildFile; fileRef = 18F334612CF1B8A40067A9BC /* CustomSegmentedControl.swift */; };
		18F334642CF3C01C0067A9BC /* NIFavoritesView.swift in Sources */ = {isa = PBXBuildFile; fileRef = 18F334632CF3C0110067A9BC /* NIFavoritesView.swift */; };
		18F334682CF44D960067A9BC /* FavoritesTableViewCell.swift in Sources */ = {isa = PBXBuildFile; fileRef = 18F334672CF44D8E0067A9BC /* FavoritesTableViewCell.swift */; };
		46C94BC32CEE575D000E5E4F /* ShareView.swift in Sources */ = {isa = PBXBuildFile; fileRef = 46C94BC22CEE575D000E5E4F /* ShareView.swift */; };
		46D5344C2CF48F40000723A0 /* ExploreView.swift in Sources */ = {isa = PBXBuildFile; fileRef = 46D5344B2CF48F40000723A0 /* ExploreView.swift */; };
		46D5344F2CF4ADEB000723A0 /* UpcomingEventsCell.swift in Sources */ = {isa = PBXBuildFile; fileRef = 46D5344E2CF4ADEB000723A0 /* UpcomingEventsCell.swift */; };
		46D5346A2CF6099D000723A0 /* HeaderView.swift in Sources */ = {isa = PBXBuildFile; fileRef = 46D534692CF6099D000723A0 /* HeaderView.swift */; };
		46D5346C2CF63D92000723A0 /* NearbyEventsCell.swift in Sources */ = {isa = PBXBuildFile; fileRef = 46D5346B2CF63D92000723A0 /* NearbyEventsCell.swift */; };
		46EE7E8A2CEF652E00473F9B /* AirbnbCereal_W_Bd.otf in Resources */ = {isa = PBXBuildFile; fileRef = 46EE7E892CEF652E00473F9B /* AirbnbCereal_W_Bd.otf */; };
		46EE7E8C2CEF65A600473F9B /* AirbnbCereal_W_Bk.otf in Resources */ = {isa = PBXBuildFile; fileRef = 46EE7E8B2CEF65A600473F9B /* AirbnbCereal_W_Bk.otf */; };
		46EE7E8E2CEF668E00473F9B /* AirbnbCereal_W_Md.otf in Resources */ = {isa = PBXBuildFile; fileRef = 46EE7E8D2CEF668E00473F9B /* AirbnbCereal_W_Md.otf */; };
		7901EB942CF727320076080B /* FavoritesTableView.swift in Sources */ = {isa = PBXBuildFile; fileRef = 18F334652CF44D4D0067A9BC /* FavoritesTableView.swift */; };
		7901EB962CF744040076080B /* NavBarExtension.swift in Sources */ = {isa = PBXBuildFile; fileRef = 7901EB952CF744040076080B /* NavBarExtension.swift */; };
		7901EB992CF74F9C0076080B /* GoogleSignIn in Frameworks */ = {isa = PBXBuildFile; productRef = 7901EB982CF74F9C0076080B /* GoogleSignIn */; };
		7901EB9B2CF74F9C0076080B /* GoogleSignInSwift in Frameworks */ = {isa = PBXBuildFile; productRef = 7901EB9A2CF74F9C0076080B /* GoogleSignInSwift */; };
		7901EB9D2CF77C1F0076080B /* GoogleService-Info.plist in Sources */ = {isa = PBXBuildFile; fileRef = 7901EB9C2CF77BF10076080B /* GoogleService-Info.plist */; };
		79081F2E2CF3737800CE1156 /* FirebaseAuth in Frameworks */ = {isa = PBXBuildFile; productRef = 79081F2D2CF3737800CE1156 /* FirebaseAuth */; };
		79081F302CF3737800CE1156 /* FirebaseFirestore in Frameworks */ = {isa = PBXBuildFile; productRef = 79081F2F2CF3737800CE1156 /* FirebaseFirestore */; };
		79081F322CF3737800CE1156 /* FirebaseStorage in Frameworks */ = {isa = PBXBuildFile; productRef = 79081F312CF3737800CE1156 /* FirebaseStorage */; };
		79081F332CF383D400CE1156 /* TextFieldExtension.swift in Sources */ = {isa = PBXBuildFile; fileRef = 793FEC782CEFC01A002B5F05 /* TextFieldExtension.swift */; };
		79081F342CF383E800CE1156 /* UIFont + Extencion.swift in Sources */ = {isa = PBXBuildFile; fileRef = 188F51452CEBD89500963E42 /* UIFont + Extencion.swift */; };
		793FEC7B2CEFC094002B5F05 /* SignUpViewController.swift in Sources */ = {isa = PBXBuildFile; fileRef = 793FEC7A2CEFC094002B5F05 /* SignUpViewController.swift */; };
		793FEC7D2CEFC5AD002B5F05 /* ShadowExtension.swift in Sources */ = {isa = PBXBuildFile; fileRef = 793FEC7C2CEFC5AD002B5F05 /* ShadowExtension.swift */; };
		7944DAC62CF105BC00345908 /* RessetViewController.swift in Sources */ = {isa = PBXBuildFile; fileRef = 7944DAC52CF105BC00345908 /* RessetViewController.swift */; };
		7944DAC82CF105F700345908 /* HomeViewController.swift in Sources */ = {isa = PBXBuildFile; fileRef = 7944DAC72CF105F700345908 /* HomeViewController.swift */; };
		7944DACA2CF107F900345908 /* AuthHeaderView.swift in Sources */ = {isa = PBXBuildFile; fileRef = 7944DAC92CF107F900345908 /* AuthHeaderView.swift */; };
		7968E83C2CF1E03B00C31277 /* CustomButton.swift in Sources */ = {isa = PBXBuildFile; fileRef = 7968E83B2CF1E03B00C31277 /* CustomButton.swift */; };
		797FEADE2CF20D95002C3B58 /* WebViewerController.swift in Sources */ = {isa = PBXBuildFile; fileRef = 797FEADD2CF20D95002C3B58 /* WebViewerController.swift */; };
		797FEAE32CF21B0B002C3B58 /* FirebaseAuth in Frameworks */ = {isa = PBXBuildFile; productRef = 797FEAE22CF21B0B002C3B58 /* FirebaseAuth */; };
		797FEAE72CF21B0B002C3B58 /* FirebaseFirestore in Frameworks */ = {isa = PBXBuildFile; productRef = 797FEAE62CF21B0B002C3B58 /* FirebaseFirestore */; };
		797FEAE92CF21B0B002C3B58 /* FirebaseStorage in Frameworks */ = {isa = PBXBuildFile; productRef = 797FEAE82CF21B0B002C3B58 /* FirebaseStorage */; };
		797FEAEB2CF21FD7002C3B58 /* AuthService.swift in Sources */ = {isa = PBXBuildFile; fileRef = 797FEAEA2CF21FD7002C3B58 /* AuthService.swift */; };
		797FEAED2CF2213C002C3B58 /* RegisterUserRequest.swift in Sources */ = {isa = PBXBuildFile; fileRef = 797FEAEC2CF2213C002C3B58 /* RegisterUserRequest.swift */; };
		797FEAF12CF23526002C3B58 /* LoginUserRequest.swift in Sources */ = {isa = PBXBuildFile; fileRef = 797FEAF02CF23526002C3B58 /* LoginUserRequest.swift */; };
		797FEAF32CF26388002C3B58 /* Validator.swift in Sources */ = {isa = PBXBuildFile; fileRef = 797FEAF22CF26388002C3B58 /* Validator.swift */; };
		797FEAF52CF337A1002C3B58 /* AlertManager.swift in Sources */ = {isa = PBXBuildFile; fileRef = 797FEAF42CF337A1002C3B58 /* AlertManager.swift */; };
		A720E9282CF2FC4500AA61FE /* Category.swift in Sources */ = {isa = PBXBuildFile; fileRef = A720E9272CF2FC4500AA61FE /* Category.swift */; };
		A720E92A2CF2FD0400AA61FE /* CategoryCell.swift in Sources */ = {isa = PBXBuildFile; fileRef = A720E9292CF2FD0400AA61FE /* CategoryCell.swift */; };
		A720E92C2CF30A6300AA61FE /* EventCategoryRequest.swift in Sources */ = {isa = PBXBuildFile; fileRef = A720E92B2CF30A6300AA61FE /* EventCategoryRequest.swift */; };
		A720E9302CF3323700AA61FE /* CategoryProvider.swift in Sources */ = {isa = PBXBuildFile; fileRef = A720E92F2CF3323700AA61FE /* CategoryProvider.swift */; };
		A720E9322CF3576D00AA61FE /* CitySelectionViewController.swift in Sources */ = {isa = PBXBuildFile; fileRef = A720E9312CF3576D00AA61FE /* CitySelectionViewController.swift */; };
		A720E9342CF357AF00AA61FE /* CityService.swift in Sources */ = {isa = PBXBuildFile; fileRef = A720E9332CF357AF00AA61FE /* CityService.swift */; };
		A720E9362CF3629400AA61FE /* SelectedCityManager.swift in Sources */ = {isa = PBXBuildFile; fileRef = A720E9352CF3629400AA61FE /* SelectedCityManager.swift */; };
		A720E9392CF362C900AA61FE /* CitiesRequest.swift in Sources */ = {isa = PBXBuildFile; fileRef = A720E9382CF362C900AA61FE /* CitiesRequest.swift */; };
		A761B76E2CF71F7900969F78 /* SearchTableViewCell.swift in Sources */ = {isa = PBXBuildFile; fileRef = A761B76D2CF71F7900969F78 /* SearchTableViewCell.swift */; };
		A761B7712CF7317C00969F78 /* SearchTableView.swift in Sources */ = {isa = PBXBuildFile; fileRef = A761B7702CF7317B00969F78 /* SearchTableView.swift */; };
		A7AA28062CF0F6600027ACDF /* SearchBar.swift in Sources */ = {isa = PBXBuildFile; fileRef = A7AA28052CF0F6600027ACDF /* SearchBar.swift */; };
		A7BA04952CE888D0009A9EF3 /* AppDelegate.swift in Sources */ = {isa = PBXBuildFile; fileRef = A7BA04942CE888D0009A9EF3 /* AppDelegate.swift */; };
		A7BA04972CE888D0009A9EF3 /* SceneDelegate.swift in Sources */ = {isa = PBXBuildFile; fileRef = A7BA04962CE888D0009A9EF3 /* SceneDelegate.swift */; };
		A7BA04992CE888D0009A9EF3 /* OnboardingViewController.swift in Sources */ = {isa = PBXBuildFile; fileRef = A7BA04982CE888D0009A9EF3 /* OnboardingViewController.swift */; };
		A7BA049E2CE888D4009A9EF3 /* Assets.xcassets in Resources */ = {isa = PBXBuildFile; fileRef = A7BA049D2CE888D4009A9EF3 /* Assets.xcassets */; };
		A7BA04A12CE888D4009A9EF3 /* LaunchScreen.storyboard in Resources */ = {isa = PBXBuildFile; fileRef = A7BA049F2CE888D4009A9EF3 /* LaunchScreen.storyboard */; };
		A7CAF9922CEA0CC100719F7D /* Event.swift in Sources */ = {isa = PBXBuildFile; fileRef = A7CAF9912CEA0CC100719F7D /* Event.swift */; };
		A7CAF9942CEA0CEE00719F7D /* NetworkError.swift in Sources */ = {isa = PBXBuildFile; fileRef = A7CAF9932CEA0CEE00719F7D /* NetworkError.swift */; };
		A7CAF9962CEA0D2A00719F7D /* UILabel+Ext.swift in Sources */ = {isa = PBXBuildFile; fileRef = A7CAF9952CEA0D2A00719F7D /* UILabel+Ext.swift */; };
		A7CAF99A2CEA0D9A00719F7D /* LoginViewController.swift in Sources */ = {isa = PBXBuildFile; fileRef = A7CAF9992CEA0D9A00719F7D /* LoginViewController.swift */; };
		A7CAF99C2CEA0E0D00719F7D /* ExploreViewController.swift in Sources */ = {isa = PBXBuildFile; fileRef = A7CAF99B2CEA0E0D00719F7D /* ExploreViewController.swift */; };
		A7CAF99E2CEA0E2A00719F7D /* EventsDetailViewController.swift in Sources */ = {isa = PBXBuildFile; fileRef = A7CAF99D2CEA0E2A00719F7D /* EventsDetailViewController.swift */; };
		A7CAF9A02CEA0E3700719F7D /* ShareViewController.swift in Sources */ = {isa = PBXBuildFile; fileRef = A7CAF99F2CEA0E3700719F7D /* ShareViewController.swift */; };
		A7CAF9A22CEA0E4400719F7D /* EventsViewController.swift in Sources */ = {isa = PBXBuildFile; fileRef = A7CAF9A12CEA0E4400719F7D /* EventsViewController.swift */; };
		A7CAF9A42CEA0E5300719F7D /* ProfileViewController.swift in Sources */ = {isa = PBXBuildFile; fileRef = A7CAF9A32CEA0E5300719F7D /* ProfileViewController.swift */; };
		A7CAF9A72CEA0E6C00719F7D /* FavoritesViewController.swift in Sources */ = {isa = PBXBuildFile; fileRef = A7CAF9A62CEA0E6C00719F7D /* FavoritesViewController.swift */; };
		A7D5D2442CEDE297009DAED6 /* City.swift in Sources */ = {isa = PBXBuildFile; fileRef = A7D5D2432CEDE296009DAED6 /* City.swift */; };
		A7D5D2462CEDE745009DAED6 /* EventImage.swift in Sources */ = {isa = PBXBuildFile; fileRef = A7D5D2452CEDE745009DAED6 /* EventImage.swift */; };
		A7D5D2482CEDE753009DAED6 /* Place.swift in Sources */ = {isa = PBXBuildFile; fileRef = A7D5D2472CEDE753009DAED6 /* Place.swift */; };
		A7D5D24A2CEDE75D009DAED6 /* EventDate.swift in Sources */ = {isa = PBXBuildFile; fileRef = A7D5D2492CEDE75D009DAED6 /* EventDate.swift */; };
		A7D5D24C2CEDEB83009DAED6 /* NetworkService.swift in Sources */ = {isa = PBXBuildFile; fileRef = A7D5D24B2CEDEB83009DAED6 /* NetworkService.swift */; };
		A7D5D24E2CEDEBE2009DAED6 /* DataRequest.swift in Sources */ = {isa = PBXBuildFile; fileRef = A7D5D24D2CEDEBE1009DAED6 /* DataRequest.swift */; };
		A7D5D2502CEDEE06009DAED6 /* HTTPMethod.swift in Sources */ = {isa = PBXBuildFile; fileRef = A7D5D24F2CEDEE06009DAED6 /* HTTPMethod.swift */; };
		A7D5D2522CEDEE40009DAED6 /* EventsByCityRequest.swift in Sources */ = {isa = PBXBuildFile; fileRef = A7D5D2512CEDEE40009DAED6 /* EventsByCityRequest.swift */; };
		A7D5D2552CEE0960009DAED6 /* EventsByCategoryRequest.swift in Sources */ = {isa = PBXBuildFile; fileRef = A7D5D2542CEE0960009DAED6 /* EventsByCategoryRequest.swift */; };
		A7D5D2572CEE0ADE009DAED6 /* EventsRequest.swift in Sources */ = {isa = PBXBuildFile; fileRef = A7D5D2562CEE0ADE009DAED6 /* EventsRequest.swift */; };
		A7D5D25B2CEE0B5E009DAED6 /* AllEventsRequest.swift in Sources */ = {isa = PBXBuildFile; fileRef = A7D5D25A2CEE0B5E009DAED6 /* AllEventsRequest.swift */; };
		A7D5D25D2CEE13BC009DAED6 /* SearchEventsRequest.swift in Sources */ = {isa = PBXBuildFile; fileRef = A7D5D25C2CEE13BC009DAED6 /* SearchEventsRequest.swift */; };
		A7D5D2632CEE1618009DAED6 /* UIImageView.swift in Sources */ = {isa = PBXBuildFile; fileRef = A7D5D2622CEE1618009DAED6 /* UIImageView.swift */; };
		A7D5D2672CEE2F40009DAED6 /* DateFormatter+Ext.swift in Sources */ = {isa = PBXBuildFile; fileRef = A7D5D2662CEE2F40009DAED6 /* DateFormatter+Ext.swift */; };
		A7D5D2692CEE33A8009DAED6 /* EventDetailRequest.swift in Sources */ = {isa = PBXBuildFile; fileRef = A7D5D2682CEE33A8009DAED6 /* EventDetailRequest.swift */; };
		A7D5D26B2CEE3E7E009DAED6 /* HTMLToString+Ext.swift in Sources */ = {isa = PBXBuildFile; fileRef = A7D5D26A2CEE3E7E009DAED6 /* HTMLToString+Ext.swift */; };
		A7D5D26D2CEE602C009DAED6 /* PlaceDetailsRequest.swift in Sources */ = {isa = PBXBuildFile; fileRef = A7D5D26C2CEE602C009DAED6 /* PlaceDetailsRequest.swift */; };
		A7D5D2772CF08065009DAED6 /* EventService.swift in Sources */ = {isa = PBXBuildFile; fileRef = A7D5D2762CF08065009DAED6 /* EventService.swift */; };
		A7DDB4922CEB9E6300015FE1 /* UIButton+Ext.swift in Sources */ = {isa = PBXBuildFile; fileRef = A7DDB4912CEB9E6300015FE1 /* UIButton+Ext.swift */; };
		A7DDB4942CEBC24700015FE1 /* UIColor+Ext.swift in Sources */ = {isa = PBXBuildFile; fileRef = A7DDB4932CEBC24700015FE1 /* UIColor+Ext.swift */; };
		E79846202CF0604000CF249D /* EditProfileViewController.swift in Sources */ = {isa = PBXBuildFile; fileRef = E798461F2CF0604000CF249D /* EditProfileViewController.swift */; };
		E7A57CFF2CEB2D2000824B7E /* TabBarController.swift in Sources */ = {isa = PBXBuildFile; fileRef = E7A57CFE2CEB2D2000824B7E /* TabBarController.swift */; };
		E7A57D1D2CEB3F1E00824B7E /* MapViewController.swift in Sources */ = {isa = PBXBuildFile; fileRef = E7A57D1C2CEB3F1E00824B7E /* MapViewController.swift */; };
/* End PBXBuildFile section */

/* Begin PBXFileReference section */
		188F51452CEBD89500963E42 /* UIFont + Extencion.swift */ = {isa = PBXFileReference; lastKnownFileType = sourcecode.swift; path = "UIFont + Extencion.swift"; sourceTree = "<group>"; };
		18F334532CF1B70D0067A9BC /* EventTableView.swift */ = {isa = PBXFileReference; lastKnownFileType = sourcecode.swift; path = EventTableView.swift; sourceTree = "<group>"; };
		18F334552CF1B74A0067A9BC /* AllEventsScreenViewController.swift */ = {isa = PBXFileReference; lastKnownFileType = sourcecode.swift; path = AllEventsScreenViewController.swift; sourceTree = "<group>"; };
		18F334592CF1B7880067A9BC /* EventsTableViewCell.swift */ = {isa = PBXFileReference; lastKnownFileType = sourcecode.swift; path = EventsTableViewCell.swift; sourceTree = "<group>"; };
		18F3345B2CF1B7CC0067A9BC /* NoUpcomingEventsView.swift */ = {isa = PBXFileReference; lastKnownFileType = sourcecode.swift; path = NoUpcomingEventsView.swift; sourceTree = "<group>"; };
		18F3345D2CF1B7F70067A9BC /* SearchViewController.swift */ = {isa = PBXFileReference; lastKnownFileType = sourcecode.swift; path = SearchViewController.swift; sourceTree = "<group>"; };
		18F3345F2CF1B83A0067A9BC /* UIStackView.swift */ = {isa = PBXFileReference; lastKnownFileType = sourcecode.swift; path = UIStackView.swift; sourceTree = "<group>"; };
		18F334612CF1B8A40067A9BC /* CustomSegmentedControl.swift */ = {isa = PBXFileReference; lastKnownFileType = sourcecode.swift; path = CustomSegmentedControl.swift; sourceTree = "<group>"; };
		18F334632CF3C0110067A9BC /* NIFavoritesView.swift */ = {isa = PBXFileReference; lastKnownFileType = sourcecode.swift; path = NIFavoritesView.swift; sourceTree = "<group>"; };
		18F334652CF44D4D0067A9BC /* FavoritesTableView.swift */ = {isa = PBXFileReference; lastKnownFileType = sourcecode.swift; path = FavoritesTableView.swift; sourceTree = "<group>"; };
		18F334672CF44D8E0067A9BC /* FavoritesTableViewCell.swift */ = {isa = PBXFileReference; lastKnownFileType = sourcecode.swift; path = FavoritesTableViewCell.swift; sourceTree = "<group>"; };
		46C94BC22CEE575D000E5E4F /* ShareView.swift */ = {isa = PBXFileReference; lastKnownFileType = sourcecode.swift; path = ShareView.swift; sourceTree = "<group>"; };
		46D5344B2CF48F40000723A0 /* ExploreView.swift */ = {isa = PBXFileReference; lastKnownFileType = sourcecode.swift; path = ExploreView.swift; sourceTree = "<group>"; };
		46D5344E2CF4ADEB000723A0 /* UpcomingEventsCell.swift */ = {isa = PBXFileReference; lastKnownFileType = sourcecode.swift; path = UpcomingEventsCell.swift; sourceTree = "<group>"; };
		46D534692CF6099D000723A0 /* HeaderView.swift */ = {isa = PBXFileReference; lastKnownFileType = sourcecode.swift; path = HeaderView.swift; sourceTree = "<group>"; };
		46D5346B2CF63D92000723A0 /* NearbyEventsCell.swift */ = {isa = PBXFileReference; lastKnownFileType = sourcecode.swift; path = NearbyEventsCell.swift; sourceTree = "<group>"; };
		46EE7E892CEF652E00473F9B /* AirbnbCereal_W_Bd.otf */ = {isa = PBXFileReference; lastKnownFileType = file; path = AirbnbCereal_W_Bd.otf; sourceTree = "<group>"; };
		46EE7E8B2CEF65A600473F9B /* AirbnbCereal_W_Bk.otf */ = {isa = PBXFileReference; lastKnownFileType = file; path = AirbnbCereal_W_Bk.otf; sourceTree = "<group>"; };
		46EE7E8D2CEF668E00473F9B /* AirbnbCereal_W_Md.otf */ = {isa = PBXFileReference; lastKnownFileType = file; path = AirbnbCereal_W_Md.otf; sourceTree = "<group>"; };
		7901EB952CF744040076080B /* NavBarExtension.swift */ = {isa = PBXFileReference; lastKnownFileType = sourcecode.swift; path = NavBarExtension.swift; sourceTree = "<group>"; };
		7901EB9C2CF77BF10076080B /* GoogleService-Info.plist */ = {isa = PBXFileReference; lastKnownFileType = text.plist.xml; path = "GoogleService-Info.plist"; sourceTree = "<group>"; };
		793FEC782CEFC01A002B5F05 /* TextFieldExtension.swift */ = {isa = PBXFileReference; lastKnownFileType = sourcecode.swift; path = TextFieldExtension.swift; sourceTree = "<group>"; };
		793FEC7A2CEFC094002B5F05 /* SignUpViewController.swift */ = {isa = PBXFileReference; lastKnownFileType = sourcecode.swift; path = SignUpViewController.swift; sourceTree = "<group>"; };
		793FEC7C2CEFC5AD002B5F05 /* ShadowExtension.swift */ = {isa = PBXFileReference; lastKnownFileType = sourcecode.swift; path = ShadowExtension.swift; sourceTree = "<group>"; };
		7944DAC52CF105BC00345908 /* RessetViewController.swift */ = {isa = PBXFileReference; lastKnownFileType = sourcecode.swift; path = RessetViewController.swift; sourceTree = "<group>"; };
		7944DAC72CF105F700345908 /* HomeViewController.swift */ = {isa = PBXFileReference; lastKnownFileType = sourcecode.swift; path = HomeViewController.swift; sourceTree = "<group>"; };
		7944DAC92CF107F900345908 /* AuthHeaderView.swift */ = {isa = PBXFileReference; lastKnownFileType = sourcecode.swift; path = AuthHeaderView.swift; sourceTree = "<group>"; };
		7968E83B2CF1E03B00C31277 /* CustomButton.swift */ = {isa = PBXFileReference; lastKnownFileType = sourcecode.swift; path = CustomButton.swift; sourceTree = "<group>"; };
		797FEADD2CF20D95002C3B58 /* WebViewerController.swift */ = {isa = PBXFileReference; lastKnownFileType = sourcecode.swift; path = WebViewerController.swift; sourceTree = "<group>"; };
		797FEAEA2CF21FD7002C3B58 /* AuthService.swift */ = {isa = PBXFileReference; lastKnownFileType = sourcecode.swift; path = AuthService.swift; sourceTree = "<group>"; };
		797FEAEC2CF2213C002C3B58 /* RegisterUserRequest.swift */ = {isa = PBXFileReference; lastKnownFileType = sourcecode.swift; path = RegisterUserRequest.swift; sourceTree = "<group>"; };
		797FEAF02CF23526002C3B58 /* LoginUserRequest.swift */ = {isa = PBXFileReference; lastKnownFileType = sourcecode.swift; path = LoginUserRequest.swift; sourceTree = "<group>"; };
		797FEAF22CF26388002C3B58 /* Validator.swift */ = {isa = PBXFileReference; lastKnownFileType = sourcecode.swift; path = Validator.swift; sourceTree = "<group>"; };
		797FEAF42CF337A1002C3B58 /* AlertManager.swift */ = {isa = PBXFileReference; lastKnownFileType = sourcecode.swift; path = AlertManager.swift; sourceTree = "<group>"; };
		A720E9272CF2FC4500AA61FE /* Category.swift */ = {isa = PBXFileReference; lastKnownFileType = sourcecode.swift; path = Category.swift; sourceTree = "<group>"; };
		A720E9292CF2FD0400AA61FE /* CategoryCell.swift */ = {isa = PBXFileReference; lastKnownFileType = sourcecode.swift; path = CategoryCell.swift; sourceTree = "<group>"; };
		A720E92B2CF30A6300AA61FE /* EventCategoryRequest.swift */ = {isa = PBXFileReference; lastKnownFileType = sourcecode.swift; path = EventCategoryRequest.swift; sourceTree = "<group>"; };
		A720E92F2CF3323700AA61FE /* CategoryProvider.swift */ = {isa = PBXFileReference; lastKnownFileType = sourcecode.swift; path = CategoryProvider.swift; sourceTree = "<group>"; };
		A720E9312CF3576D00AA61FE /* CitySelectionViewController.swift */ = {isa = PBXFileReference; lastKnownFileType = sourcecode.swift; path = CitySelectionViewController.swift; sourceTree = "<group>"; };
		A720E9332CF357AF00AA61FE /* CityService.swift */ = {isa = PBXFileReference; lastKnownFileType = sourcecode.swift; path = CityService.swift; sourceTree = "<group>"; };
		A720E9352CF3629400AA61FE /* SelectedCityManager.swift */ = {isa = PBXFileReference; lastKnownFileType = sourcecode.swift; path = SelectedCityManager.swift; sourceTree = "<group>"; };
		A720E9382CF362C900AA61FE /* CitiesRequest.swift */ = {isa = PBXFileReference; lastKnownFileType = sourcecode.swift; path = CitiesRequest.swift; sourceTree = "<group>"; };
		A761B76D2CF71F7900969F78 /* SearchTableViewCell.swift */ = {isa = PBXFileReference; lastKnownFileType = sourcecode.swift; path = SearchTableViewCell.swift; sourceTree = "<group>"; };
		A761B7702CF7317B00969F78 /* SearchTableView.swift */ = {isa = PBXFileReference; lastKnownFileType = sourcecode.swift; path = SearchTableView.swift; sourceTree = "<group>"; };
		A7AA28052CF0F6600027ACDF /* SearchBar.swift */ = {isa = PBXFileReference; lastKnownFileType = sourcecode.swift; path = SearchBar.swift; sourceTree = "<group>"; };
		A7BA04912CE888D0009A9EF3 /* EventHub.app */ = {isa = PBXFileReference; explicitFileType = wrapper.application; includeInIndex = 0; path = EventHub.app; sourceTree = BUILT_PRODUCTS_DIR; };
		A7BA04942CE888D0009A9EF3 /* AppDelegate.swift */ = {isa = PBXFileReference; lastKnownFileType = sourcecode.swift; path = AppDelegate.swift; sourceTree = "<group>"; };
		A7BA04962CE888D0009A9EF3 /* SceneDelegate.swift */ = {isa = PBXFileReference; lastKnownFileType = sourcecode.swift; path = SceneDelegate.swift; sourceTree = "<group>"; };
		A7BA04982CE888D0009A9EF3 /* OnboardingViewController.swift */ = {isa = PBXFileReference; lastKnownFileType = sourcecode.swift; path = OnboardingViewController.swift; sourceTree = "<group>"; };
		A7BA049D2CE888D4009A9EF3 /* Assets.xcassets */ = {isa = PBXFileReference; lastKnownFileType = folder.assetcatalog; path = Assets.xcassets; sourceTree = "<group>"; };
		A7BA04A02CE888D4009A9EF3 /* Base */ = {isa = PBXFileReference; lastKnownFileType = file.storyboard; name = Base; path = Base.lproj/LaunchScreen.storyboard; sourceTree = "<group>"; };
		A7BA04A22CE888D4009A9EF3 /* Info.plist */ = {isa = PBXFileReference; lastKnownFileType = text.plist.xml; path = Info.plist; sourceTree = "<group>"; };
		A7CAF9912CEA0CC100719F7D /* Event.swift */ = {isa = PBXFileReference; lastKnownFileType = sourcecode.swift; path = Event.swift; sourceTree = "<group>"; };
		A7CAF9932CEA0CEE00719F7D /* NetworkError.swift */ = {isa = PBXFileReference; lastKnownFileType = sourcecode.swift; path = NetworkError.swift; sourceTree = "<group>"; };
		A7CAF9952CEA0D2A00719F7D /* UILabel+Ext.swift */ = {isa = PBXFileReference; lastKnownFileType = sourcecode.swift; path = "UILabel+Ext.swift"; sourceTree = "<group>"; };
		A7CAF9992CEA0D9A00719F7D /* LoginViewController.swift */ = {isa = PBXFileReference; lastKnownFileType = sourcecode.swift; path = LoginViewController.swift; sourceTree = "<group>"; };
		A7CAF99B2CEA0E0D00719F7D /* ExploreViewController.swift */ = {isa = PBXFileReference; lastKnownFileType = sourcecode.swift; path = ExploreViewController.swift; sourceTree = "<group>"; };
		A7CAF99D2CEA0E2A00719F7D /* EventsDetailViewController.swift */ = {isa = PBXFileReference; lastKnownFileType = sourcecode.swift; path = EventsDetailViewController.swift; sourceTree = "<group>"; };
		A7CAF99F2CEA0E3700719F7D /* ShareViewController.swift */ = {isa = PBXFileReference; lastKnownFileType = sourcecode.swift; path = ShareViewController.swift; sourceTree = "<group>"; };
		A7CAF9A12CEA0E4400719F7D /* EventsViewController.swift */ = {isa = PBXFileReference; lastKnownFileType = sourcecode.swift; path = EventsViewController.swift; sourceTree = "<group>"; };
		A7CAF9A32CEA0E5300719F7D /* ProfileViewController.swift */ = {isa = PBXFileReference; lastKnownFileType = sourcecode.swift; path = ProfileViewController.swift; sourceTree = "<group>"; };
		A7CAF9A62CEA0E6C00719F7D /* FavoritesViewController.swift */ = {isa = PBXFileReference; lastKnownFileType = sourcecode.swift; path = FavoritesViewController.swift; sourceTree = "<group>"; };
		A7D5D2432CEDE296009DAED6 /* City.swift */ = {isa = PBXFileReference; lastKnownFileType = sourcecode.swift; path = City.swift; sourceTree = "<group>"; };
		A7D5D2452CEDE745009DAED6 /* EventImage.swift */ = {isa = PBXFileReference; lastKnownFileType = sourcecode.swift; path = EventImage.swift; sourceTree = "<group>"; };
		A7D5D2472CEDE753009DAED6 /* Place.swift */ = {isa = PBXFileReference; lastKnownFileType = sourcecode.swift; path = Place.swift; sourceTree = "<group>"; };
		A7D5D2492CEDE75D009DAED6 /* EventDate.swift */ = {isa = PBXFileReference; lastKnownFileType = sourcecode.swift; path = EventDate.swift; sourceTree = "<group>"; };
		A7D5D24B2CEDEB83009DAED6 /* NetworkService.swift */ = {isa = PBXFileReference; lastKnownFileType = sourcecode.swift; path = NetworkService.swift; sourceTree = "<group>"; };
		A7D5D24D2CEDEBE1009DAED6 /* DataRequest.swift */ = {isa = PBXFileReference; lastKnownFileType = sourcecode.swift; path = DataRequest.swift; sourceTree = "<group>"; };
		A7D5D24F2CEDEE06009DAED6 /* HTTPMethod.swift */ = {isa = PBXFileReference; lastKnownFileType = sourcecode.swift; path = HTTPMethod.swift; sourceTree = "<group>"; };
		A7D5D2512CEDEE40009DAED6 /* EventsByCityRequest.swift */ = {isa = PBXFileReference; lastKnownFileType = sourcecode.swift; path = EventsByCityRequest.swift; sourceTree = "<group>"; };
		A7D5D2542CEE0960009DAED6 /* EventsByCategoryRequest.swift */ = {isa = PBXFileReference; lastKnownFileType = sourcecode.swift; path = EventsByCategoryRequest.swift; sourceTree = "<group>"; };
		A7D5D2562CEE0ADE009DAED6 /* EventsRequest.swift */ = {isa = PBXFileReference; lastKnownFileType = sourcecode.swift; path = EventsRequest.swift; sourceTree = "<group>"; };
		A7D5D25A2CEE0B5E009DAED6 /* AllEventsRequest.swift */ = {isa = PBXFileReference; lastKnownFileType = sourcecode.swift; path = AllEventsRequest.swift; sourceTree = "<group>"; };
		A7D5D25C2CEE13BC009DAED6 /* SearchEventsRequest.swift */ = {isa = PBXFileReference; lastKnownFileType = sourcecode.swift; path = SearchEventsRequest.swift; sourceTree = "<group>"; };
		A7D5D2622CEE1618009DAED6 /* UIImageView.swift */ = {isa = PBXFileReference; lastKnownFileType = sourcecode.swift; path = UIImageView.swift; sourceTree = "<group>"; };
		A7D5D2662CEE2F40009DAED6 /* DateFormatter+Ext.swift */ = {isa = PBXFileReference; lastKnownFileType = sourcecode.swift; path = "DateFormatter+Ext.swift"; sourceTree = "<group>"; };
		A7D5D2682CEE33A8009DAED6 /* EventDetailRequest.swift */ = {isa = PBXFileReference; lastKnownFileType = sourcecode.swift; path = EventDetailRequest.swift; sourceTree = "<group>"; };
		A7D5D26A2CEE3E7E009DAED6 /* HTMLToString+Ext.swift */ = {isa = PBXFileReference; lastKnownFileType = sourcecode.swift; path = "HTMLToString+Ext.swift"; sourceTree = "<group>"; };
		A7D5D26C2CEE602C009DAED6 /* PlaceDetailsRequest.swift */ = {isa = PBXFileReference; lastKnownFileType = sourcecode.swift; path = PlaceDetailsRequest.swift; sourceTree = "<group>"; };
		A7D5D2762CF08065009DAED6 /* EventService.swift */ = {isa = PBXFileReference; lastKnownFileType = sourcecode.swift; path = EventService.swift; sourceTree = "<group>"; };
		A7DDB4912CEB9E6300015FE1 /* UIButton+Ext.swift */ = {isa = PBXFileReference; lastKnownFileType = sourcecode.swift; path = "UIButton+Ext.swift"; sourceTree = "<group>"; };
		A7DDB4932CEBC24700015FE1 /* UIColor+Ext.swift */ = {isa = PBXFileReference; lastKnownFileType = sourcecode.swift; path = "UIColor+Ext.swift"; sourceTree = "<group>"; };
		E798461F2CF0604000CF249D /* EditProfileViewController.swift */ = {isa = PBXFileReference; lastKnownFileType = sourcecode.swift; path = EditProfileViewController.swift; sourceTree = "<group>"; };
		E7A57CFE2CEB2D2000824B7E /* TabBarController.swift */ = {isa = PBXFileReference; lastKnownFileType = sourcecode.swift; path = TabBarController.swift; sourceTree = "<group>"; };
		E7A57D1C2CEB3F1E00824B7E /* MapViewController.swift */ = {isa = PBXFileReference; lastKnownFileType = sourcecode.swift; path = MapViewController.swift; sourceTree = "<group>"; };
/* End PBXFileReference section */

/* Begin PBXFrameworksBuildPhase section */
		A7BA048E2CE888D0009A9EF3 /* Frameworks */ = {
			isa = PBXFrameworksBuildPhase;
			buildActionMask = 2147483647;
			files = (
				79081F2E2CF3737800CE1156 /* FirebaseAuth in Frameworks */,
				797FEAE92CF21B0B002C3B58 /* FirebaseStorage in Frameworks */,
				797FEAE32CF21B0B002C3B58 /* FirebaseAuth in Frameworks */,
				7901EB9B2CF74F9C0076080B /* GoogleSignInSwift in Frameworks */,
				79081F322CF3737800CE1156 /* FirebaseStorage in Frameworks */,
				797FEAE72CF21B0B002C3B58 /* FirebaseFirestore in Frameworks */,
				79081F302CF3737800CE1156 /* FirebaseFirestore in Frameworks */,
				7901EB992CF74F9C0076080B /* GoogleSignIn in Frameworks */,
			);
			runOnlyForDeploymentPostprocessing = 0;
		};
/* End PBXFrameworksBuildPhase section */

/* Begin PBXGroup section */
		46D534502CF4ADF3000723A0 /* Cells */ = {
			isa = PBXGroup;
			children = (
				46D5344E2CF4ADEB000723A0 /* UpcomingEventsCell.swift */,
				46D5346B2CF63D92000723A0 /* NearbyEventsCell.swift */,
			);
			path = Cells;
			sourceTree = "<group>";
		};
		A720E9372CF3629D00AA61FE /* CitySelected */ = {
			isa = PBXGroup;
			children = (
				A720E9352CF3629400AA61FE /* SelectedCityManager.swift */,
				A720E9312CF3576D00AA61FE /* CitySelectionViewController.swift */,
			);
			path = CitySelected;
			sourceTree = "<group>";
		};
		A7BA04882CE888D0009A9EF3 = {
			isa = PBXGroup;
			children = (
				A7BA04932CE888D0009A9EF3 /* EventHub */,
				A7BA04922CE888D0009A9EF3 /* Products */,
			);
			sourceTree = "<group>";
		};
		A7BA04922CE888D0009A9EF3 /* Products */ = {
			isa = PBXGroup;
			children = (
				A7BA04912CE888D0009A9EF3 /* EventHub.app */,
			);
			name = Products;
			sourceTree = "<group>";
		};
		A7BA04932CE888D0009A9EF3 /* EventHub */ = {
			isa = PBXGroup;
			children = (
				46EE7E892CEF652E00473F9B /* AirbnbCereal_W_Bd.otf */,
				46EE7E8B2CEF65A600473F9B /* AirbnbCereal_W_Bk.otf */,
				46EE7E8D2CEF668E00473F9B /* AirbnbCereal_W_Md.otf */,
				A7BA04A82CE88B30009A9EF3 /* App */,
				A7DDB4952CECDAA600015FE1 /* Components */,
				A7CAF9882CEA092000719F7D /* Models */,
				A7D5D2732CEF3DAA009DAED6 /* Services */,
				A7CAF9892CEA0BC900719F7D /* Network */,
				A7CAF9862CEA088F00719F7D /* Extensions */,
				A7CAF9842CEA06D500719F7D /* OnboardingScreen */,
				A7CAF9852CEA06F300719F7D /* AuthorizationScreens */,
				A7CAF98A2CEA0C0600719F7D /* ExploreScreen */,
				A7CAF98B2CEA0C1E00719F7D /* EventDetailsScreen */,
				A7CAF98C2CEA0C3C00719F7D /* ShareScreen */,
				A7CAF98D2CEA0C4C00719F7D /* EventsScreen */,
				A7CAF98E2CEA0C5C00719F7D /* ProfileScreen */,
				A7CAF98F2CEA0C6900719F7D /* FavoritesScreen */,
				A7CAF9902CEA0C8100719F7D /* SearchBarScreen */,
				A7DDB4962CECDAD100015FE1 /* MapScreen */,
				A7CAF9872CEA090F00719F7D /* Resources */,
			);
			path = EventHub;
			sourceTree = "<group>";
		};
		A7BA04A82CE88B30009A9EF3 /* App */ = {
			isa = PBXGroup;
			children = (
				A7BA04942CE888D0009A9EF3 /* AppDelegate.swift */,
				A7BA04962CE888D0009A9EF3 /* SceneDelegate.swift */,
				797FEAEA2CF21FD7002C3B58 /* AuthService.swift */,
				A7BA04A22CE888D4009A9EF3 /* Info.plist */,
				797FEAF22CF26388002C3B58 /* Validator.swift */,
				797FEAF42CF337A1002C3B58 /* AlertManager.swift */,
			);
			path = App;
			sourceTree = "<group>";
		};
		A7CAF9842CEA06D500719F7D /* OnboardingScreen */ = {
			isa = PBXGroup;
			children = (
				A7BA04982CE888D0009A9EF3 /* OnboardingViewController.swift */,
			);
			path = OnboardingScreen;
			sourceTree = "<group>";
		};
		A7CAF9852CEA06F300719F7D /* AuthorizationScreens */ = {
			isa = PBXGroup;
			children = (
				7944DAC72CF105F700345908 /* HomeViewController.swift */,
				A7CAF9992CEA0D9A00719F7D /* LoginViewController.swift */,
				793FEC7A2CEFC094002B5F05 /* SignUpViewController.swift */,
				7944DAC52CF105BC00345908 /* RessetViewController.swift */,
				7944DAC92CF107F900345908 /* AuthHeaderView.swift */,
				7968E83B2CF1E03B00C31277 /* CustomButton.swift */,
				797FEADD2CF20D95002C3B58 /* WebViewerController.swift */,
			);
			path = AuthorizationScreens;
			sourceTree = "<group>";
		};
		A7CAF9862CEA088F00719F7D /* Extensions */ = {
			isa = PBXGroup;
			children = (
				18F3345F2CF1B83A0067A9BC /* UIStackView.swift */,
				188F51452CEBD89500963E42 /* UIFont + Extencion.swift */,
				A7CAF9952CEA0D2A00719F7D /* UILabel+Ext.swift */,
				A7DDB4912CEB9E6300015FE1 /* UIButton+Ext.swift */,
				A7DDB4932CEBC24700015FE1 /* UIColor+Ext.swift */,
				793FEC782CEFC01A002B5F05 /* TextFieldExtension.swift */,
				793FEC7C2CEFC5AD002B5F05 /* ShadowExtension.swift */,
				A7D5D2662CEE2F40009DAED6 /* DateFormatter+Ext.swift */,
				A7D5D26A2CEE3E7E009DAED6 /* HTMLToString+Ext.swift */,
				7901EB952CF744040076080B /* NavBarExtension.swift */,
			);
			path = Extensions;
			sourceTree = "<group>";
		};
		A7CAF9872CEA090F00719F7D /* Resources */ = {
			isa = PBXGroup;
			children = (
				A7BA049D2CE888D4009A9EF3 /* Assets.xcassets */,
				A7BA049F2CE888D4009A9EF3 /* LaunchScreen.storyboard */,
				7901EB9C2CF77BF10076080B /* GoogleService-Info.plist */,
			);
			path = Resources;
			sourceTree = "<group>";
		};
		A7CAF9882CEA092000719F7D /* Models */ = {
			isa = PBXGroup;
			children = (
				797FEAEC2CF2213C002C3B58 /* RegisterUserRequest.swift */,
				797FEAF02CF23526002C3B58 /* LoginUserRequest.swift */,
				A7D5D2432CEDE296009DAED6 /* City.swift */,
				A7CAF9912CEA0CC100719F7D /* Event.swift */,
				A7D5D2452CEDE745009DAED6 /* EventImage.swift */,
				A7D5D2472CEDE753009DAED6 /* Place.swift */,
				A7D5D2492CEDE75D009DAED6 /* EventDate.swift */,
				A720E9272CF2FC4500AA61FE /* Category.swift */,
			);
			path = Models;
			sourceTree = "<group>";
		};
		A7CAF9892CEA0BC900719F7D /* Network */ = {
			isa = PBXGroup;
			children = (
				A7D5D24B2CEDEB83009DAED6 /* NetworkService.swift */,
				A7D5D2762CF08065009DAED6 /* EventService.swift */,
				A720E9332CF357AF00AA61FE /* CityService.swift */,
				A7D5D2532CEE091F009DAED6 /* Requests */,
				A7D5D24D2CEDEBE1009DAED6 /* DataRequest.swift */,
				A7D5D24F2CEDEE06009DAED6 /* HTTPMethod.swift */,
				A7CAF9932CEA0CEE00719F7D /* NetworkError.swift */,
				A7D5D2622CEE1618009DAED6 /* UIImageView.swift */,
			);
			path = Network;
			sourceTree = "<group>";
		};
		A7CAF98A2CEA0C0600719F7D /* ExploreScreen */ = {
			isa = PBXGroup;
			children = (
				A720E9372CF3629D00AA61FE /* CitySelected */,
				A7AA28052CF0F6600027ACDF /* SearchBar.swift */,
				A720E9292CF2FD0400AA61FE /* CategoryCell.swift */,
				A7CAF99B2CEA0E0D00719F7D /* ExploreViewController.swift */,
				46D5344B2CF48F40000723A0 /* ExploreView.swift */,
				46D534692CF6099D000723A0 /* HeaderView.swift */,
				46D534502CF4ADF3000723A0 /* Cells */,
			);
			path = ExploreScreen;
			sourceTree = "<group>";
		};
		A7CAF98B2CEA0C1E00719F7D /* EventDetailsScreen */ = {
			isa = PBXGroup;
			children = (
				A7CAF99D2CEA0E2A00719F7D /* EventsDetailViewController.swift */,
				46C94BC22CEE575D000E5E4F /* ShareView.swift */,
			);
			path = EventDetailsScreen;
			sourceTree = "<group>";
		};
		A7CAF98C2CEA0C3C00719F7D /* ShareScreen */ = {
			isa = PBXGroup;
			children = (
				A7CAF99F2CEA0E3700719F7D /* ShareViewController.swift */,
			);
			path = ShareScreen;
			sourceTree = "<group>";
		};
		A7CAF98D2CEA0C4C00719F7D /* EventsScreen */ = {
			isa = PBXGroup;
			children = (
				18F334612CF1B8A40067A9BC /* CustomSegmentedControl.swift */,
				18F3345B2CF1B7CC0067A9BC /* NoUpcomingEventsView.swift */,
				18F334592CF1B7880067A9BC /* EventsTableViewCell.swift */,
				18F334552CF1B74A0067A9BC /* AllEventsScreenViewController.swift */,
				18F334532CF1B70D0067A9BC /* EventTableView.swift */,
				A7CAF9A12CEA0E4400719F7D /* EventsViewController.swift */,
			);
			path = EventsScreen;
			sourceTree = "<group>";
		};
		A7CAF98E2CEA0C5C00719F7D /* ProfileScreen */ = {
			isa = PBXGroup;
			children = (
				A7CAF9A32CEA0E5300719F7D /* ProfileViewController.swift */,
				E798461F2CF0604000CF249D /* EditProfileViewController.swift */,
			);
			path = ProfileScreen;
			sourceTree = "<group>";
		};
		A7CAF98F2CEA0C6900719F7D /* FavoritesScreen */ = {
			isa = PBXGroup;
			children = (
				18F334672CF44D8E0067A9BC /* FavoritesTableViewCell.swift */,
				18F334652CF44D4D0067A9BC /* FavoritesTableView.swift */,
				18F334632CF3C0110067A9BC /* NIFavoritesView.swift */,
				A7CAF9A62CEA0E6C00719F7D /* FavoritesViewController.swift */,
			);
			path = FavoritesScreen;
			sourceTree = "<group>";
		};
		A7CAF9902CEA0C8100719F7D /* SearchBarScreen */ = {
			isa = PBXGroup;
			children = (
				18F3345D2CF1B7F70067A9BC /* SearchViewController.swift */,
				A761B7702CF7317B00969F78 /* SearchTableView.swift */,
				A761B76D2CF71F7900969F78 /* SearchTableViewCell.swift */,
			);
			path = SearchBarScreen;
			sourceTree = "<group>";
		};
		A7D5D2532CEE091F009DAED6 /* Requests */ = {
			isa = PBXGroup;
			children = (
				A720E9382CF362C900AA61FE /* CitiesRequest.swift */,
				A7D5D2512CEDEE40009DAED6 /* EventsByCityRequest.swift */,
				A7D5D2542CEE0960009DAED6 /* EventsByCategoryRequest.swift */,
				A7D5D25A2CEE0B5E009DAED6 /* AllEventsRequest.swift */,
				A7D5D25C2CEE13BC009DAED6 /* SearchEventsRequest.swift */,
				A7D5D2562CEE0ADE009DAED6 /* EventsRequest.swift */,
				A7D5D2682CEE33A8009DAED6 /* EventDetailRequest.swift */,
				A7D5D26C2CEE602C009DAED6 /* PlaceDetailsRequest.swift */,
				A720E92B2CF30A6300AA61FE /* EventCategoryRequest.swift */,
			);
			path = Requests;
			sourceTree = "<group>";
		};
		A7D5D2732CEF3DAA009DAED6 /* Services */ = {
			isa = PBXGroup;
			children = (
				A720E92F2CF3323700AA61FE /* CategoryProvider.swift */,
			);
			path = Services;
			sourceTree = "<group>";
		};
		A7DDB4952CECDAA600015FE1 /* Components */ = {
			isa = PBXGroup;
			children = (
				E7A57CFE2CEB2D2000824B7E /* TabBarController.swift */,
			);
			path = Components;
			sourceTree = "<group>";
		};
		A7DDB4962CECDAD100015FE1 /* MapScreen */ = {
			isa = PBXGroup;
			children = (
				E7A57D1C2CEB3F1E00824B7E /* MapViewController.swift */,
			);
			path = MapScreen;
			sourceTree = "<group>";
		};
/* End PBXGroup section */

/* Begin PBXNativeTarget section */
		A7BA04902CE888D0009A9EF3 /* EventHub */ = {
			isa = PBXNativeTarget;
			buildConfigurationList = A7BA04A52CE888D4009A9EF3 /* Build configuration list for PBXNativeTarget "EventHub" */;
			buildPhases = (
				A7BA048D2CE888D0009A9EF3 /* Sources */,
				A7BA048E2CE888D0009A9EF3 /* Frameworks */,
				A7BA048F2CE888D0009A9EF3 /* Resources */,
			);
			buildRules = (
			);
			dependencies = (
			);
			name = EventHub;
			productName = EventHub;
			productReference = A7BA04912CE888D0009A9EF3 /* EventHub.app */;
			productType = "com.apple.product-type.application";
		};
/* End PBXNativeTarget section */

/* Begin PBXProject section */
		A7BA04892CE888D0009A9EF3 /* Project object */ = {
			isa = PBXProject;
			attributes = {
				BuildIndependentTargetsInParallel = 1;
				LastSwiftUpdateCheck = 1430;
				LastUpgradeCheck = 1430;
				TargetAttributes = {
					A7BA04902CE888D0009A9EF3 = {
						CreatedOnToolsVersion = 14.3.1;
					};
				};
			};
			buildConfigurationList = A7BA048C2CE888D0009A9EF3 /* Build configuration list for PBXProject "EventHub" */;
			compatibilityVersion = "Xcode 14.0";
			developmentRegion = en;
			hasScannedForEncodings = 0;
			knownRegions = (
				en,
				Base,
			);
			mainGroup = A7BA04882CE888D0009A9EF3;
			packageReferences = (
				797FEAE12CF21B0B002C3B58 /* XCRemoteSwiftPackageReference "firebase-ios-sdk" */,
				7901EB972CF74F9C0076080B /* XCRemoteSwiftPackageReference "GoogleSignIn-iOS" */,
			);
			productRefGroup = A7BA04922CE888D0009A9EF3 /* Products */;
			projectDirPath = "";
			projectRoot = "";
			targets = (
				A7BA04902CE888D0009A9EF3 /* EventHub */,
			);
		};
/* End PBXProject section */

/* Begin PBXResourcesBuildPhase section */
		A7BA048F2CE888D0009A9EF3 /* Resources */ = {
			isa = PBXResourcesBuildPhase;
			buildActionMask = 2147483647;
			files = (
				46EE7E8A2CEF652E00473F9B /* AirbnbCereal_W_Bd.otf in Resources */,
				46EE7E8E2CEF668E00473F9B /* AirbnbCereal_W_Md.otf in Resources */,
				46EE7E8C2CEF65A600473F9B /* AirbnbCereal_W_Bk.otf in Resources */,
				A7BA04A12CE888D4009A9EF3 /* LaunchScreen.storyboard in Resources */,
				A7BA049E2CE888D4009A9EF3 /* Assets.xcassets in Resources */,
			);
			runOnlyForDeploymentPostprocessing = 0;
		};
/* End PBXResourcesBuildPhase section */

/* Begin PBXSourcesBuildPhase section */
		A7BA048D2CE888D0009A9EF3 /* Sources */ = {
			isa = PBXSourcesBuildPhase;
			buildActionMask = 2147483647;
			files = (
				7901EB9D2CF77C1F0076080B /* GoogleService-Info.plist in Sources */,
				7901EB962CF744040076080B /* NavBarExtension.swift in Sources */,
				7901EB942CF727320076080B /* FavoritesTableView.swift in Sources */,
				79081F342CF383E800CE1156 /* UIFont + Extencion.swift in Sources */,
				79081F332CF383D400CE1156 /* TextFieldExtension.swift in Sources */,
				797FEAF52CF337A1002C3B58 /* AlertManager.swift in Sources */,
				7968E83C2CF1E03B00C31277 /* CustomButton.swift in Sources */,
				793FEC7B2CEFC094002B5F05 /* SignUpViewController.swift in Sources */,
				A7CAF9A92CEA0E7C00719F7D /* SearchBarViewController.swift in Sources */,
				18F334562CF1B74C0067A9BC /* AllEventsScreenViewController.swift in Sources */,
				A7D5D2442CEDE297009DAED6 /* City.swift in Sources */,
				A7D5D24C2CEDEB83009DAED6 /* NetworkService.swift in Sources */,
				A7CAF9A72CEA0E6C00719F7D /* FavoritesViewController.swift in Sources */,
				A7D5D26B2CEE3E7E009DAED6 /* HTMLToString+Ext.swift in Sources */,
				A720E9282CF2FC4500AA61FE /* Category.swift in Sources */,
				A7CAF9A22CEA0E4400719F7D /* EventsViewController.swift in Sources */,
				A720E9322CF3576D00AA61FE /* CitySelectionViewController.swift in Sources */,
				A7CAF99E2CEA0E2A00719F7D /* EventsDetailViewController.swift in Sources */,
				A7CAF99A2CEA0D9A00719F7D /* LoginViewController.swift in Sources */,
				797FEADE2CF20D95002C3B58 /* WebViewerController.swift in Sources */,
				A7DDB4942CEBC24700015FE1 /* UIColor+Ext.swift in Sources */,
				A7D5D2502CEDEE06009DAED6 /* HTTPMethod.swift in Sources */,
				A7DDB4922CEB9E6300015FE1 /* UIButton+Ext.swift in Sources */,
				E79846202CF0604000CF249D /* EditProfileViewController.swift in Sources */,
				A720E92C2CF30A6300AA61FE /* EventCategoryRequest.swift in Sources */,
				A7D5D2462CEDE745009DAED6 /* EventImage.swift in Sources */,
				46D5344F2CF4ADEB000723A0 /* UpcomingEventsCell.swift in Sources */,
				46D5346A2CF6099D000723A0 /* HeaderView.swift in Sources */,
				A7CAF9A02CEA0E3700719F7D /* ShareViewController.swift in Sources */,
				A7D5D2522CEDEE40009DAED6 /* EventsByCityRequest.swift in Sources */,
				A7BA04992CE888D0009A9EF3 /* OnboardingViewController.swift in Sources */,
				7944DAC62CF105BC00345908 /* RessetViewController.swift in Sources */,
				7944DAC82CF105F700345908 /* HomeViewController.swift in Sources */,
				A7CAF9942CEA0CEE00719F7D /* NetworkError.swift in Sources */,
				797FEAED2CF2213C002C3B58 /* RegisterUserRequest.swift in Sources */,
				7944DACA2CF107F900345908 /* AuthHeaderView.swift in Sources */,
				18F3345C2CF1B7DE0067A9BC /* NoUpcomingEventsView.swift in Sources */,
				A7D5D2692CEE33A8009DAED6 /* EventDetailRequest.swift in Sources */,
				18F334682CF44D960067A9BC /* FavoritesTableViewCell.swift in Sources */,
				A7D5D2672CEE2F40009DAED6 /* DateFormatter+Ext.swift in Sources */,
				18F334602CF1B8600067A9BC /* UIStackView.swift in Sources */,
				A7CAF9942CEA0CEE00719F7D /* NetworkError.swift in Sources */,
				A7D5D25D2CEE13BC009DAED6 /* SearchEventsRequest.swift in Sources */,
				A7D5D2482CEDE753009DAED6 /* Place.swift in Sources */,
				A7CAF9A42CEA0E5300719F7D /* ProfileViewController.swift in Sources */,
				A7D5D24E2CEDEBE2009DAED6 /* DataRequest.swift in Sources */,
				A7BA04952CE888D0009A9EF3 /* AppDelegate.swift in Sources */,
				A720E92A2CF2FD0400AA61FE /* CategoryCell.swift in Sources */,
				46D5344C2CF48F40000723A0 /* ExploreView.swift in Sources */,
				A7CAF99C2CEA0E0D00719F7D /* ExploreViewController.swift in Sources */,
				A7D5D24A2CEDE75D009DAED6 /* EventDate.swift in Sources */,
				A7CAF9922CEA0CC100719F7D /* Event.swift in Sources */,
				18F334542CF1B72A0067A9BC /* EventTableView.swift in Sources */,
				A7D5D25B2CEE0B5E009DAED6 /* AllEventsRequest.swift in Sources */,
				18F334622CF1B8A90067A9BC /* CustomSegmentedControl.swift in Sources */,
				E7A57CFF2CEB2D2000824B7E /* TabBarController.swift in Sources */,
				46D5346C2CF63D92000723A0 /* NearbyEventsCell.swift in Sources */,
				A7D5D26D2CEE602C009DAED6 /* PlaceDetailsRequest.swift in Sources */,
				A720E9342CF357AF00AA61FE /* CityService.swift in Sources */,
				A761B7712CF7317C00969F78 /* SearchTableView.swift in Sources */,
				A7D5D2552CEE0960009DAED6 /* EventsByCategoryRequest.swift in Sources */,
				A7D5D2572CEE0ADE009DAED6 /* EventsRequest.swift in Sources */,
				18F334642CF3C01C0067A9BC /* NIFavoritesView.swift in Sources */,
				A7CAF9962CEA0D2A00719F7D /* UILabel+Ext.swift in Sources */,
				A761B76E2CF71F7900969F78 /* SearchTableViewCell.swift in Sources */,
				A7BA04972CE888D0009A9EF3 /* SceneDelegate.swift in Sources */,
				A7D5D2772CF08065009DAED6 /* EventService.swift in Sources */,
				A7D5D2632CEE1618009DAED6 /* UIImageView.swift in Sources */,
				A720E9392CF362C900AA61FE /* CitiesRequest.swift in Sources */,
				A720E9302CF3323700AA61FE /* CategoryProvider.swift in Sources */,
				A7AA28062CF0F6600027ACDF /* SearchBar.swift in Sources */,
				18F3345E2CF1B7FB0067A9BC /* SearchViewController.swift in Sources */,
				A720E9362CF3629400AA61FE /* SelectedCityManager.swift in Sources */,
				46C94BC32CEE575D000E5E4F /* ShareView.swift in Sources */,
				797FEAF12CF23526002C3B58 /* LoginUserRequest.swift in Sources */,
				E7A57D1D2CEB3F1E00824B7E /* MapViewController.swift in Sources */,
				793FEC7D2CEFC5AD002B5F05 /* ShadowExtension.swift in Sources */,
				797FEAEB2CF21FD7002C3B58 /* AuthService.swift in Sources */,
				797FEAF32CF26388002C3B58 /* Validator.swift in Sources */,
				18F3345A2CF1B7A60067A9BC /* EventsTableViewCell.swift in Sources */,
			);
			runOnlyForDeploymentPostprocessing = 0;
		};
/* End PBXSourcesBuildPhase section */

/* Begin PBXVariantGroup section */
		A7BA049F2CE888D4009A9EF3 /* LaunchScreen.storyboard */ = {
			isa = PBXVariantGroup;
			children = (
				A7BA04A02CE888D4009A9EF3 /* Base */,
			);
			name = LaunchScreen.storyboard;
			sourceTree = "<group>";
		};
/* End PBXVariantGroup section */

/* Begin XCBuildConfiguration section */
		A7BA04A32CE888D4009A9EF3 /* Debug */ = {
			isa = XCBuildConfiguration;
			buildSettings = {
				ALWAYS_SEARCH_USER_PATHS = NO;
				CLANG_ANALYZER_NONNULL = YES;
				CLANG_ANALYZER_NUMBER_OBJECT_CONVERSION = YES_AGGRESSIVE;
				CLANG_CXX_LANGUAGE_STANDARD = "gnu++20";
				CLANG_ENABLE_MODULES = YES;
				CLANG_ENABLE_OBJC_ARC = YES;
				CLANG_ENABLE_OBJC_WEAK = YES;
				CLANG_WARN_BLOCK_CAPTURE_AUTORELEASING = YES;
				CLANG_WARN_BOOL_CONVERSION = YES;
				CLANG_WARN_COMMA = YES;
				CLANG_WARN_CONSTANT_CONVERSION = YES;
				CLANG_WARN_DEPRECATED_OBJC_IMPLEMENTATIONS = YES;
				CLANG_WARN_DIRECT_OBJC_ISA_USAGE = YES_ERROR;
				CLANG_WARN_DOCUMENTATION_COMMENTS = YES;
				CLANG_WARN_EMPTY_BODY = YES;
				CLANG_WARN_ENUM_CONVERSION = YES;
				CLANG_WARN_INFINITE_RECURSION = YES;
				CLANG_WARN_INT_CONVERSION = YES;
				CLANG_WARN_NON_LITERAL_NULL_CONVERSION = YES;
				CLANG_WARN_OBJC_IMPLICIT_RETAIN_SELF = YES;
				CLANG_WARN_OBJC_LITERAL_CONVERSION = YES;
				CLANG_WARN_OBJC_ROOT_CLASS = YES_ERROR;
				CLANG_WARN_QUOTED_INCLUDE_IN_FRAMEWORK_HEADER = YES;
				CLANG_WARN_RANGE_LOOP_ANALYSIS = YES;
				CLANG_WARN_STRICT_PROTOTYPES = YES;
				CLANG_WARN_SUSPICIOUS_MOVE = YES;
				CLANG_WARN_UNGUARDED_AVAILABILITY = YES_AGGRESSIVE;
				CLANG_WARN_UNREACHABLE_CODE = YES;
				CLANG_WARN__DUPLICATE_METHOD_MATCH = YES;
				COPY_PHASE_STRIP = NO;
				DEBUG_INFORMATION_FORMAT = dwarf;
				ENABLE_STRICT_OBJC_MSGSEND = YES;
				ENABLE_TESTABILITY = YES;
				GCC_C_LANGUAGE_STANDARD = gnu11;
				GCC_DYNAMIC_NO_PIC = NO;
				GCC_NO_COMMON_BLOCKS = YES;
				GCC_OPTIMIZATION_LEVEL = 0;
				GCC_PREPROCESSOR_DEFINITIONS = (
					"DEBUG=1",
					"$(inherited)",
				);
				GCC_WARN_64_TO_32_BIT_CONVERSION = YES;
				GCC_WARN_ABOUT_RETURN_TYPE = YES_ERROR;
				GCC_WARN_UNDECLARED_SELECTOR = YES;
				GCC_WARN_UNINITIALIZED_AUTOS = YES_AGGRESSIVE;
				GCC_WARN_UNUSED_FUNCTION = YES;
				GCC_WARN_UNUSED_VARIABLE = YES;
				IPHONEOS_DEPLOYMENT_TARGET = 15.6;
				MTL_ENABLE_DEBUG_INFO = INCLUDE_SOURCE;
				MTL_FAST_MATH = YES;
				ONLY_ACTIVE_ARCH = YES;
				SDKROOT = iphoneos;
				SWIFT_ACTIVE_COMPILATION_CONDITIONS = DEBUG;
				SWIFT_OPTIMIZATION_LEVEL = "-Onone";
			};
			name = Debug;
		};
		A7BA04A42CE888D4009A9EF3 /* Release */ = {
			isa = XCBuildConfiguration;
			buildSettings = {
				ALWAYS_SEARCH_USER_PATHS = NO;
				CLANG_ANALYZER_NONNULL = YES;
				CLANG_ANALYZER_NUMBER_OBJECT_CONVERSION = YES_AGGRESSIVE;
				CLANG_CXX_LANGUAGE_STANDARD = "gnu++20";
				CLANG_ENABLE_MODULES = YES;
				CLANG_ENABLE_OBJC_ARC = YES;
				CLANG_ENABLE_OBJC_WEAK = YES;
				CLANG_WARN_BLOCK_CAPTURE_AUTORELEASING = YES;
				CLANG_WARN_BOOL_CONVERSION = YES;
				CLANG_WARN_COMMA = YES;
				CLANG_WARN_CONSTANT_CONVERSION = YES;
				CLANG_WARN_DEPRECATED_OBJC_IMPLEMENTATIONS = YES;
				CLANG_WARN_DIRECT_OBJC_ISA_USAGE = YES_ERROR;
				CLANG_WARN_DOCUMENTATION_COMMENTS = YES;
				CLANG_WARN_EMPTY_BODY = YES;
				CLANG_WARN_ENUM_CONVERSION = YES;
				CLANG_WARN_INFINITE_RECURSION = YES;
				CLANG_WARN_INT_CONVERSION = YES;
				CLANG_WARN_NON_LITERAL_NULL_CONVERSION = YES;
				CLANG_WARN_OBJC_IMPLICIT_RETAIN_SELF = YES;
				CLANG_WARN_OBJC_LITERAL_CONVERSION = YES;
				CLANG_WARN_OBJC_ROOT_CLASS = YES_ERROR;
				CLANG_WARN_QUOTED_INCLUDE_IN_FRAMEWORK_HEADER = YES;
				CLANG_WARN_RANGE_LOOP_ANALYSIS = YES;
				CLANG_WARN_STRICT_PROTOTYPES = YES;
				CLANG_WARN_SUSPICIOUS_MOVE = YES;
				CLANG_WARN_UNGUARDED_AVAILABILITY = YES_AGGRESSIVE;
				CLANG_WARN_UNREACHABLE_CODE = YES;
				CLANG_WARN__DUPLICATE_METHOD_MATCH = YES;
				COPY_PHASE_STRIP = NO;
				DEBUG_INFORMATION_FORMAT = "dwarf-with-dsym";
				ENABLE_NS_ASSERTIONS = NO;
				ENABLE_STRICT_OBJC_MSGSEND = YES;
				GCC_C_LANGUAGE_STANDARD = gnu11;
				GCC_NO_COMMON_BLOCKS = YES;
				GCC_WARN_64_TO_32_BIT_CONVERSION = YES;
				GCC_WARN_ABOUT_RETURN_TYPE = YES_ERROR;
				GCC_WARN_UNDECLARED_SELECTOR = YES;
				GCC_WARN_UNINITIALIZED_AUTOS = YES_AGGRESSIVE;
				GCC_WARN_UNUSED_FUNCTION = YES;
				GCC_WARN_UNUSED_VARIABLE = YES;
				IPHONEOS_DEPLOYMENT_TARGET = 15.6;
				MTL_ENABLE_DEBUG_INFO = NO;
				MTL_FAST_MATH = YES;
				SDKROOT = iphoneos;
				SWIFT_COMPILATION_MODE = wholemodule;
				SWIFT_OPTIMIZATION_LEVEL = "-O";
				VALIDATE_PRODUCT = YES;
			};
			name = Release;
		};
		A7BA04A62CE888D4009A9EF3 /* Debug */ = {
			isa = XCBuildConfiguration;
			buildSettings = {
				ASSETCATALOG_COMPILER_APPICON_NAME = AppIcon;
				ASSETCATALOG_COMPILER_GLOBAL_ACCENT_COLOR_NAME = AccentColor;
				CODE_SIGN_IDENTITY = "Apple Development";
				CODE_SIGN_STYLE = Automatic;
				CURRENT_PROJECT_VERSION = 1;
				DEVELOPMENT_TEAM = 7J6C95TMNY;
				GENERATE_INFOPLIST_FILE = YES;
				INFOPLIST_FILE = EventHub/App/Info.plist;
				INFOPLIST_KEY_UIApplicationSupportsIndirectInputEvents = YES;
				INFOPLIST_KEY_UILaunchStoryboardName = LaunchScreen;
				INFOPLIST_KEY_UISupportedInterfaceOrientations = UIInterfaceOrientationPortrait;
				INFOPLIST_KEY_UISupportedInterfaceOrientations_iPad = "UIInterfaceOrientationLandscapeLeft UIInterfaceOrientationLandscapeRight UIInterfaceOrientationPortrait UIInterfaceOrientationPortraitUpsideDown";
				IPHONEOS_DEPLOYMENT_TARGET = 15.6;
				LD_RUNPATH_SEARCH_PATHS = (
					"$(inherited)",
					"@executable_path/Frameworks",
				);
				MARKETING_VERSION = 1.0;
				PRODUCT_BUNDLE_IDENTIFIER = "ru.valentina-popova.EventHub";
				PRODUCT_NAME = "$(TARGET_NAME)";
				PROVISIONING_PROFILE_SPECIFIER = "";
				SUPPORTED_PLATFORMS = "iphoneos iphonesimulator";
				SUPPORTS_MACCATALYST = NO;
				SUPPORTS_MAC_DESIGNED_FOR_IPHONE_IPAD = NO;
				SWIFT_EMIT_LOC_STRINGS = YES;
				SWIFT_VERSION = 5.0;
				TARGETED_DEVICE_FAMILY = 1;
			};
			name = Debug;
		};
		A7BA04A72CE888D4009A9EF3 /* Release */ = {
			isa = XCBuildConfiguration;
			buildSettings = {
				ASSETCATALOG_COMPILER_APPICON_NAME = AppIcon;
				ASSETCATALOG_COMPILER_GLOBAL_ACCENT_COLOR_NAME = AccentColor;
				CODE_SIGN_IDENTITY = "Apple Development";
				CODE_SIGN_STYLE = Automatic;
				CURRENT_PROJECT_VERSION = 1;
				DEVELOPMENT_TEAM = 7J6C95TMNY;
				GENERATE_INFOPLIST_FILE = YES;
				INFOPLIST_FILE = EventHub/App/Info.plist;
				INFOPLIST_KEY_UIApplicationSupportsIndirectInputEvents = YES;
				INFOPLIST_KEY_UILaunchStoryboardName = LaunchScreen;
				INFOPLIST_KEY_UISupportedInterfaceOrientations = UIInterfaceOrientationPortrait;
				INFOPLIST_KEY_UISupportedInterfaceOrientations_iPad = "UIInterfaceOrientationLandscapeLeft UIInterfaceOrientationLandscapeRight UIInterfaceOrientationPortrait UIInterfaceOrientationPortraitUpsideDown";
				IPHONEOS_DEPLOYMENT_TARGET = 15.6;
				LD_RUNPATH_SEARCH_PATHS = (
					"$(inherited)",
					"@executable_path/Frameworks",
				);
				MARKETING_VERSION = 1.0;
				PRODUCT_BUNDLE_IDENTIFIER = "ru.valentina-popova.EventHub";
				PRODUCT_NAME = "$(TARGET_NAME)";
				PROVISIONING_PROFILE_SPECIFIER = "";
				SUPPORTED_PLATFORMS = "iphoneos iphonesimulator";
				SUPPORTS_MACCATALYST = NO;
				SUPPORTS_MAC_DESIGNED_FOR_IPHONE_IPAD = NO;
				SWIFT_EMIT_LOC_STRINGS = YES;
				SWIFT_VERSION = 5.0;
				TARGETED_DEVICE_FAMILY = 1;
			};
			name = Release;
		};
/* End XCBuildConfiguration section */

/* Begin XCConfigurationList section */
		A7BA048C2CE888D0009A9EF3 /* Build configuration list for PBXProject "EventHub" */ = {
			isa = XCConfigurationList;
			buildConfigurations = (
				A7BA04A32CE888D4009A9EF3 /* Debug */,
				A7BA04A42CE888D4009A9EF3 /* Release */,
			);
			defaultConfigurationIsVisible = 0;
			defaultConfigurationName = Release;
		};
		A7BA04A52CE888D4009A9EF3 /* Build configuration list for PBXNativeTarget "EventHub" */ = {
			isa = XCConfigurationList;
			buildConfigurations = (
				A7BA04A62CE888D4009A9EF3 /* Debug */,
				A7BA04A72CE888D4009A9EF3 /* Release */,
			);
			defaultConfigurationIsVisible = 0;
			defaultConfigurationName = Release;
		};
/* End XCConfigurationList section */

/* Begin XCRemoteSwiftPackageReference section */
		7901EB972CF74F9C0076080B /* XCRemoteSwiftPackageReference "GoogleSignIn-iOS" */ = {
			isa = XCRemoteSwiftPackageReference;
			repositoryURL = "https://github.com/google/GoogleSignIn-iOS";
			requirement = {
				kind = upToNextMajorVersion;
				minimumVersion = 8.0.0;
			};
		};
		797FEAE12CF21B0B002C3B58 /* XCRemoteSwiftPackageReference "firebase-ios-sdk" */ = {
			isa = XCRemoteSwiftPackageReference;
			repositoryURL = "https://github.com/firebase/firebase-ios-sdk";
			requirement = {
				kind = exactVersion;
				version = 11.0.0;
			};
		};
/* End XCRemoteSwiftPackageReference section */

/* Begin XCSwiftPackageProductDependency section */
		7901EB982CF74F9C0076080B /* GoogleSignIn */ = {
			isa = XCSwiftPackageProductDependency;
			package = 7901EB972CF74F9C0076080B /* XCRemoteSwiftPackageReference "GoogleSignIn-iOS" */;
			productName = GoogleSignIn;
		};
		7901EB9A2CF74F9C0076080B /* GoogleSignInSwift */ = {
			isa = XCSwiftPackageProductDependency;
			package = 7901EB972CF74F9C0076080B /* XCRemoteSwiftPackageReference "GoogleSignIn-iOS" */;
			productName = GoogleSignInSwift;
		};
		79081F2D2CF3737800CE1156 /* FirebaseAuth */ = {
			isa = XCSwiftPackageProductDependency;
			package = 797FEAE12CF21B0B002C3B58 /* XCRemoteSwiftPackageReference "firebase-ios-sdk" */;
			productName = FirebaseAuth;
		};
		79081F2F2CF3737800CE1156 /* FirebaseFirestore */ = {
			isa = XCSwiftPackageProductDependency;
			package = 797FEAE12CF21B0B002C3B58 /* XCRemoteSwiftPackageReference "firebase-ios-sdk" */;
			productName = FirebaseFirestore;
		};
		79081F312CF3737800CE1156 /* FirebaseStorage */ = {
			isa = XCSwiftPackageProductDependency;
			package = 797FEAE12CF21B0B002C3B58 /* XCRemoteSwiftPackageReference "firebase-ios-sdk" */;
			productName = FirebaseStorage;
		};
		797FEAE22CF21B0B002C3B58 /* FirebaseAuth */ = {
			isa = XCSwiftPackageProductDependency;
			package = 797FEAE12CF21B0B002C3B58 /* XCRemoteSwiftPackageReference "firebase-ios-sdk" */;
			productName = FirebaseAuth;
		};
		797FEAE62CF21B0B002C3B58 /* FirebaseFirestore */ = {
			isa = XCSwiftPackageProductDependency;
			package = 797FEAE12CF21B0B002C3B58 /* XCRemoteSwiftPackageReference "firebase-ios-sdk" */;
			productName = FirebaseFirestore;
		};
		797FEAE82CF21B0B002C3B58 /* FirebaseStorage */ = {
			isa = XCSwiftPackageProductDependency;
			package = 797FEAE12CF21B0B002C3B58 /* XCRemoteSwiftPackageReference "firebase-ios-sdk" */;
			productName = FirebaseStorage;
		};
/* End XCSwiftPackageProductDependency section */
	};
	rootObject = A7BA04892CE888D0009A9EF3 /* Project object */;
}
